
Microsoft Visual Studio Solution File, Format Version 12.00
# Visual Studio Version 16
VisualStudioVersion = 16.0.33214.272
MinimumVisualStudioVersion = 10.0.40219.1
Project("{FAE04EC0-301F-11D3-BF4B-00C04F79EFBC}") = "PR7", "PR7\PR7.csproj", "{F33D9D42-0B94-4C27-B78B-0E691497E121}"
EndProject
Global
	GlobalSection(SolutionConfigurationPlatforms) = preSolution
		Debug|Any CPU = Debug|Any CPU
		Release|Any CPU = Release|Any CPU
	EndGlobalSection
	GlobalSection(ProjectConfigurationPlatforms) = postSolution
		{F33D9D42-0B94-4C27-B78B-0E691497E121}.Debug|Any CPU.ActiveCfg = Debug|Any CPU
		{F33D9D42-0B94-4C27-B78B-0E691497E121}.Debug|Any CPU.Build.0 = Debug|Any CPU
		{F33D9D42-0B94-4C27-B78B-0E691497E121}.Release|Any CPU.ActiveCfg = Release|Any CPU
		{F33D9D42-0B94-4C27-B78B-0E691497E121}.Release|Any CPU.Build.0 = Release|Any CPU
	EndGlobalSection
	GlobalSection(SolutionProperties) = preSolution
		HideSolutionNode = FALSE
	EndGlobalSection
	GlobalSection(ExtensibilityGlobals) = postSolution
		SolutionGuid = {0CD7886B-2851-4496-8A66-10F90E5A1C86}
	EndGlobalSection
EndGlobal
