
Microsoft Visual Studio Solution File, Format Version 12.00
# Visual Studio Version 16
VisualStudioVersion = 16.0.33214.272
MinimumVisualStudioVersion = 10.0.40219.1
Project("{FAE04EC0-301F-11D3-BF4B-00C04F79EFBC}") = "ProjectManager", "ProjectManager\ProjectManager.csproj", "{BBE20CFC-C4FF-4E71-818C-6BCEB298B363}"
EndProject
Global
	GlobalSection(SolutionConfigurationPlatforms) = preSolution
		Debug|Any CPU = Debug|Any CPU
		Release|Any CPU = Release|Any CPU
	EndGlobalSection
	GlobalSection(ProjectConfigurationPlatforms) = postSolution
		{BBE20CFC-C4FF-4E71-818C-6BCEB298B363}.Debug|Any CPU.ActiveCfg = Debug|Any CPU
		{BBE20CFC-C4FF-4E71-818C-6BCEB298B363}.Debug|Any CPU.Build.0 = Debug|Any CPU
		{BBE20CFC-C4FF-4E71-818C-6BCEB298B363}.Release|Any CPU.ActiveCfg = Release|Any CPU
		{BBE20CFC-C4FF-4E71-818C-6BCEB298B363}.Release|Any CPU.Build.0 = Release|Any CPU
	EndGlobalSection
	GlobalSection(SolutionProperties) = preSolution
		HideSolutionNode = FALSE
	EndGlobalSection
	GlobalSection(ExtensibilityGlobals) = postSolution
		SolutionGuid = {3A4F0669-7AE9-4728-AE4C-68EFA81E15DC}
	EndGlobalSection
EndGlobal
